
Microsoft Visual Studio Solution File, Format Version 12.00
# Visual Studio 15
VisualStudioVersion = 15.0.28010.2026
MinimumVisualStudioVersion = 10.0.40219.1
Project("{8BC9CEB8-8B4A-11D0-8D11-00A0C91BC942}") = "vs_arboles_desicion", "vs_arboles_desicion\vs_arboles_desicion.vcxproj", "{FC674C39-8024-426F-8E15-56663DF69555}"
EndProject
Global
	GlobalSection(SolutionConfigurationPlatforms) = preSolution
		Debug|x64 = Debug|x64
		Debug|x86 = Debug|x86
		Release|x64 = Release|x64
		Release|x86 = Release|x86
	EndGlobalSection
	GlobalSection(ProjectConfigurationPlatforms) = postSolution
		{FC674C39-8024-426F-8E15-56663DF69555}.Debug|x64.ActiveCfg = Debug|x64
		{FC674C39-8024-426F-8E15-56663DF69555}.Debug|x64.Build.0 = Debug|x64
		{FC674C39-8024-426F-8E15-56663DF69555}.Debug|x86.ActiveCfg = Debug|Win32
		{FC674C39-8024-426F-8E15-56663DF69555}.Debug|x86.Build.0 = Debug|Win32
		{FC674C39-8024-426F-8E15-56663DF69555}.Release|x64.ActiveCfg = Release|x64
		{FC674C39-8024-426F-8E15-56663DF69555}.Release|x64.Build.0 = Release|x64
		{FC674C39-8024-426F-8E15-56663DF69555}.Release|x86.ActiveCfg = Release|Win32
		{FC674C39-8024-426F-8E15-56663DF69555}.Release|x86.Build.0 = Release|Win32
	EndGlobalSection
	GlobalSection(SolutionProperties) = preSolution
		HideSolutionNode = FALSE
	EndGlobalSection
	GlobalSection(ExtensibilityGlobals) = postSolution
		SolutionGuid = {C060BACA-9E78-4581-A863-D4BB8A72EFE1}
	EndGlobalSection
EndGlobal
